{
  "nodes": {
    "nixpkgs": {
      "locked": {
        "lastModified": 1753392530,
        "narHash": "sha256-imRoHYaWl/P2N9ZK9WKKQH385GdlOmTpiljx4nlAdJw=",
        "owner": "NixOS",
        "repo": "nixpkgs",
        "rev": "7d280a849b31aa253ff7e5fb54aa7f002bc272ab",
        "type": "github"
      },
      "original": {
        "owner": "NixOS",
        "repo": "nixpkgs",
        "type": "github"
      }
    },
    "root": {
      "inputs": {
        "nixpkgs": "nixpkgs"
      }
    }
  },
  "root": "root",
  "version": 7
}
